<Solution>
  <Folder Name="/src/">
    <Project Path="src/RemoteWake.Application/RemoteWake.Application.csproj" />
    <Project Path="src/RemoteWake.Domain/RemoteWake.Domain.csproj" />
    <Project Path="src/RemoteWake.Infrastructure.Processes/RemoteWake.Infrastructure.Processes.csproj" />
    <Project Path="src/RemoteWake.Infrastructure.SshBridge/RemoteWake.Infrastructure.SshBridge.csproj" />
    <Project Path="src/RemoteWake.Infrastructure.Tailscale/RemoteWake.Infrastructure.Tailscale.csproj" />
  </Folder>
  <Folder Name="/tests/Unit/">
    <Project Path="tests/Unit/RemoteWake.Application.Tests/RemoteWake.Application.Tests.csproj" />
    <Project Path="tests/Unit/RemoteWake.Domain.Tests/RemoteWake.Domain.Tests.csproj" />
  </Folder>
</Solution>
